# This file is automatically @generated by Cargo.
# It is not intended for manual editing.
[[package]]
name = "vague-search"
version = "0.1.0"
dependencies = [
 "vague-search-core 0.1.0",
]

[[package]]
name = "vague-search-core"
version = "0.1.0"

[[package]]
name = "vague-search-index"
version = "0.1.0"
dependencies = [
 "vague-search-core 0.1.0",
]

